
Microsoft Visual Studio Solution File, Format Version 12.00
# Visual Studio Version 17
VisualStudioVersion = 17.10.35013.160
MinimumVisualStudioVersion = 10.0.40219.1
Project("{FAE04EC0-301F-11D3-BF4B-00C04F79EFBC}") = "QuickCast", "QuickCast.csproj", "{442B68F6-CEFE-4538-8F88-70E6BF6EEA64}"
EndProject
Global
	GlobalSection(SolutionConfigurationPlatforms) = preSolution
		Debug|Any CPU = Debug|Any CPU
		Release|Any CPU = Release|Any CPU
	EndGlobalSection
	GlobalSection(ProjectConfigurationPlatforms) = postSolution
		{442B68F6-CEFE-4538-8F88-70E6BF6EEA64}.Debug|Any CPU.ActiveCfg = Debug|Any CPU
		{442B68F6-CEFE-4538-8F88-70E6BF6EEA64}.Debug|Any CPU.Build.0 = Debug|Any CPU
		{442B68F6-CEFE-4538-8F88-70E6BF6EEA64}.Release|Any CPU.ActiveCfg = Release|Any CPU
		{442B68F6-CEFE-4538-8F88-70E6BF6EEA64}.Release|Any CPU.Build.0 = Release|Any CPU
	EndGlobalSection
	GlobalSection(SolutionProperties) = preSolution
		HideSolutionNode = FALSE
	EndGlobalSection
	GlobalSection(ExtensibilityGlobals) = postSolution
		SolutionGuid = {E56C0519-2074-42C5-BA9E-061FFBD0F168}
	EndGlobalSection
EndGlobal
